
Microsoft Visual Studio Solution File, Format Version 12.00
Project("{FAE04EC0-301F-11D3-BF4B-00C04F79EFBC}") = "WebApi", "WebApi\WebApi.csproj", "{F00DD251-0B3E-489C-BCE7-CB1221B555E0}"
EndProject
Project("{FAE04EC0-301F-11D3-BF4B-00C04F79EFBC}") = "Application", "Application\Application.csproj", "{BED80D8B-F96D-45D7-8352-1FD043E59C18}"
EndProject
Project("{FAE04EC0-301F-11D3-BF4B-00C04F79EFBC}") = "Domain", "Domain\Domain.csproj", "{3CF4B813-8341-4090-A62E-3BD66F710107}"
EndProject
Project("{FAE04EC0-301F-11D3-BF4B-00C04F79EFBC}") = "Infrastructure", "Infrastructure\Infrastructure.csproj", "{BFA89AB5-50E6-40C7-8328-3400BA0AA742}"
EndProject
Global
	GlobalSection(SolutionConfigurationPlatforms) = preSolution
		Debug|Any CPU = Debug|Any CPU
		Release|Any CPU = Release|Any CPU
	EndGlobalSection
	GlobalSection(ProjectConfigurationPlatforms) = postSolution
		{F00DD251-0B3E-489C-BCE7-CB1221B555E0}.Debug|Any CPU.ActiveCfg = Debug|Any CPU
		{F00DD251-0B3E-489C-BCE7-CB1221B555E0}.Debug|Any CPU.Build.0 = Debug|Any CPU
		{F00DD251-0B3E-489C-BCE7-CB1221B555E0}.Release|Any CPU.ActiveCfg = Release|Any CPU
		{F00DD251-0B3E-489C-BCE7-CB1221B555E0}.Release|Any CPU.Build.0 = Release|Any CPU
		{BED80D8B-F96D-45D7-8352-1FD043E59C18}.Debug|Any CPU.ActiveCfg = Debug|Any CPU
		{BED80D8B-F96D-45D7-8352-1FD043E59C18}.Debug|Any CPU.Build.0 = Debug|Any CPU
		{BED80D8B-F96D-45D7-8352-1FD043E59C18}.Release|Any CPU.ActiveCfg = Release|Any CPU
		{BED80D8B-F96D-45D7-8352-1FD043E59C18}.Release|Any CPU.Build.0 = Release|Any CPU
		{3CF4B813-8341-4090-A62E-3BD66F710107}.Debug|Any CPU.ActiveCfg = Debug|Any CPU
		{3CF4B813-8341-4090-A62E-3BD66F710107}.Debug|Any CPU.Build.0 = Debug|Any CPU
		{3CF4B813-8341-4090-A62E-3BD66F710107}.Release|Any CPU.ActiveCfg = Release|Any CPU
		{3CF4B813-8341-4090-A62E-3BD66F710107}.Release|Any CPU.Build.0 = Release|Any CPU
		{BFA89AB5-50E6-40C7-8328-3400BA0AA742}.Debug|Any CPU.ActiveCfg = Debug|Any CPU
		{BFA89AB5-50E6-40C7-8328-3400BA0AA742}.Debug|Any CPU.Build.0 = Debug|Any CPU
		{BFA89AB5-50E6-40C7-8328-3400BA0AA742}.Release|Any CPU.ActiveCfg = Release|Any CPU
		{BFA89AB5-50E6-40C7-8328-3400BA0AA742}.Release|Any CPU.Build.0 = Release|Any CPU
	EndGlobalSection
EndGlobal
